#MicroXplorer Configuration settings - do not modify
Mcu.Family=STM32F1
ProjectManager.MainLocation=Core/Src
NVIC.ADC1_2_IRQn=true\:0\:0\:false\:false\:true\:true\:true
PA2.GPIO_PuPd=GPIO_NOPULL
RCC.MCOFreq_Value=64000000
PA6.Mode=Full_Duplex_Master
PC7.GPIOParameters=GPIO_ModeDefaultEXTI
USART2.IPParameters=VirtualMode
Dma.I2C1_TX.1.RequestParameters=Instance,Direction,PeriphInc,MemInc,PeriphDataAlignment,MemDataAlignment,Mode,Priority
NVIC.I2C1_EV_IRQn=true\:13\:0\:true\:false\:true\:true\:true
ProjectManager.KeepUserCode=true
Mcu.UserName=STM32F103RBTx
SPI1.VirtualType=VM_MASTER
ADC1.ContinuousConvMode=ENABLE
PB4.GPIO_ModeDefaultEXTI=GPIO_MODE_IT_FALLING
TIM1.IPParameters=Prescaler,Channel-Input_Capture1_from_TI1,Channel-Input_Capture2_from_TI1,Channel-PWM Generation3 CH3,Pulse-PWM Generation3 CH3,ICPolarity_CH2
Dma.I2C1_TX.1.Mode=DMA_NORMAL
RCC.PLLCLKFreq_Value=64000000
PC10.Signal=USART3_TX
PC13-TAMPER-RTC.GPIOParameters=GPIO_PuPd,GPIO_Label
PA14.GPIO_Label=TCK
PC7.Locked=true
PA3.GPIO_PuPd=GPIO_NOPULL
ProjectManager.functionlistsort=1-MX_GPIO_Init-GPIO-false-HAL-true,2-MX_DMA_Init-DMA-false-HAL-true,3-SystemClock_Config-RCC-false-HAL-false,4-MX_USART2_UART_Init-USART2-false-HAL-true,5-MX_I2C1_Init-I2C1-false-HAL-true,6-MX_USART3_UART_Init-USART3-false-HAL-true,7-MX_TIM1_Init-TIM1-false-HAL-true,8-MX_TIM2_Init-TIM2-false-HAL-true,9-MX_ADC1_Init-ADC1-false-HAL-true,10-MX_SPI1_Init-SPI1-false-HAL-true,11-MX_TIM3_Init-TIM3-false-HAL-true
PA2.GPIO_Speed=GPIO_SPEED_FREQ_LOW
RCC.RTCFreq_Value=32768
PA3.GPIOParameters=GPIO_Speed,GPIO_PuPd,GPIO_Label,GPIO_Mode
RCC.ADCFreqValue=8000000
NVIC.TIM1_UP_IRQn=true\:5\:0\:true\:false\:true\:true\:true
SH.S_TIM1_CH3.ConfNb=1
SH.S_TIM1_CH1.ConfNb=2
PC1.Locked=true
PA3.GPIO_Speed=GPIO_SPEED_FREQ_LOW
PA2.GPIOParameters=GPIO_Speed,GPIO_PuPd,GPIO_Label,GPIO_Mode
PinOutPanel.RotationAngle=0
ADC1.Channel-8\#ChannelRegularConversion=ADC_CHANNEL_10
RCC.SYSCLKSource=RCC_SYSCLKSOURCE_PLLCLK
ProjectManager.StackSize=0x400
PB5.GPIOParameters=GPIO_PuPd,GPIO_Label,GPIO_ModeDefaultOutputPP
PD1-OSC_OUT.Locked=true
SH.GPXTI13.0=GPIO_EXTI13
PD1-OSC_OUT.Signal=RCC_OSC_OUT
Dma.I2C1_TX.1.Direction=DMA_MEMORY_TO_PERIPH
Mcu.IP4=RCC
SH.GPXTI7.ConfNb=1
RCC.FCLKCortexFreq_Value=64000000
Mcu.IP5=SPI1
Mcu.IP2=I2C1
I2C1.IPParameters=I2C_Mode
NVIC.SVCall_IRQn=true\:0\:0\:false\:false\:true\:true\:false
Mcu.IP3=NVIC
PB4.GPIOParameters=GPIO_Label,GPIO_ModeDefaultEXTI
Mcu.IP0=ADC1
Mcu.IP1=DMA
TIM1.Prescaler=64-1
Mcu.UserConstants=
ADC1.Channel-5\#ChannelRegularConversion=ADC_CHANNEL_8
SH.GPXTI13.ConfNb=1
Mcu.ThirdPartyNb=0
SPI1.Direction=SPI_DIRECTION_2LINES
RCC.HCLKFreq_Value=64000000
Mcu.IPNb=12
TIM2.IPParameters=Prescaler,Period
ProjectManager.PreviousToolchain=
RCC.APB2TimFreq_Value=64000000
TIM3.Period=726-1
PB6.Signal=GPIO_Output
PC7.Signal=GPXTI7
Dma.I2C1_RX.0.PeriphDataAlignment=DMA_PDATAALIGN_BYTE
Dma.I2C1_TX.1.PeriphInc=DMA_PINC_DISABLE
SPI1.CalculateBaudRate=8.0 MBits/s
Mcu.Pin6=PC1
Mcu.Pin7=PA2
VP_TIM2_VS_ClockSourceINT.Signal=TIM2_VS_ClockSourceINT
Mcu.Pin8=PA3
Mcu.Pin9=PA5
RCC.AHBFreq_Value=64000000
Mcu.Pin0=PC13-TAMPER-RTC
Mcu.Pin1=PC14-OSC32_IN
GPIO.groupedBy=Group By Peripherals
Mcu.Pin2=PC15-OSC32_OUT
Dma.I2C1_RX.0.Priority=DMA_PRIORITY_LOW
Mcu.Pin3=PD0-OSC_IN
Mcu.Pin4=PD1-OSC_OUT
NVIC.EXTI15_10_IRQn=true\:7\:0\:true\:false\:true\:true\:true
Mcu.Pin5=PC0
ProjectManager.ProjectBuild=false
NVIC.UsageFault_IRQn=true\:0\:0\:false\:false\:true\:true\:false
NVIC.DebugMonitor_IRQn=true\:0\:0\:false\:false\:true\:true\:false
Dma.I2C1_RX.0.Mode=DMA_NORMAL
Mcu.IP10=USART2
NVIC.SysTick_IRQn=true\:0\:0\:false\:false\:true\:true\:true
RCC.RTCClockSelection=RCC_RTCCLKSOURCE_LSE
RCC.PLLMUL=RCC_PLL_MUL16
Mcu.IP11=USART3
SH.GPXTI7.0=GPIO_EXTI7
ProjectManager.FirmwarePackage=STM32Cube FW_F1 V1.8.3
MxDb.Version=DB.6.0.20
Dma.ADC1.2.MemDataAlignment=DMA_MDATAALIGN_WORD
ProjectManager.BackupPrevious=false
PC14-OSC32_IN.Mode=LSE-External-Oscillator
PA14.Mode=Serial_Wire
TIM3.Prescaler=2-1
NVIC.TIM2_IRQn=true\:0\:0\:false\:false\:true\:true\:true
File.Version=6
SH.ADCx_IN8.0=ADC1_IN8,IN8
Dma.ADC1.2.Direction=DMA_PERIPH_TO_MEMORY
SH.ADCx_IN11.ConfNb=1
PA8.Signal=S_TIM1_CH1
PB8.Locked=true
PB6.Locked=true
Dma.I2C1_RX.0.Direction=DMA_PERIPH_TO_MEMORY
NVIC.PendSV_IRQn=true\:0\:0\:false\:false\:true\:true\:false
NVIC.I2C1_ER_IRQn=true\:13\:0\:true\:false\:true\:true\:true
TIM1.Channel-Input_Capture2_from_TI1=TIM_CHANNEL_2
Dma.RequestsNb=3
ProjectManager.HalAssertFull=false
PB0.Locked=true
VP_TIM1_VS_ClockSourceINT.Mode=Internal
ProjectManager.ProjectName=SSD1306_DemoMenuOn_My_ownGFX
PA13.GPIOParameters=GPIO_Label
RCC.PLLMCOFreq_Value=32000000
PC7.GPIO_ModeDefaultEXTI=GPIO_MODE_IT_FALLING
Mcu.Package=LQFP64
PB9.Signal=I2C1_SDA
TIM2.Prescaler=64-1
PA6.Signal=SPI1_MISO
ADC1.EnableInjectedConversion=DISABLE
USART2.VirtualMode=VM_ASYNC
PC13-TAMPER-RTC.GPIO_PuPd=GPIO_NOPULL
PA14.Locked=true
ProjectManager.ToolChainLocation=
PA2.GPIO_Label=USART_TX
VP_SYS_VS_Systick.Signal=SYS_VS_Systick
USART3.IPParameters=VirtualMode,Mode
PA10.Signal=S_TIM1_CH3
PB5.GPIO_Label=LD_GR
Dma.Request2=ADC1
TIM1.ICPolarity_CH2=TIM_INPUTCHANNELPOLARITY_FALLING
Dma.Request1=I2C1_TX
RCC.APB1TimFreq_Value=64000000
NVIC.BusFault_IRQn=true\:0\:0\:false\:false\:true\:true\:false
PB10.GPIOParameters=GPIO_Label,GPIO_ModeDefaultEXTI
Dma.Request0=I2C1_RX
SPI1.BaudRatePrescaler=SPI_BAUDRATEPRESCALER_8
ADC1.SamplingTime-8\#ChannelRegularConversion=ADC_SAMPLETIME_13CYCLES_5
ProjectManager.CustomerFirmwarePackage=
VP_TIM3_VS_ClockSourceINT.Mode=Internal
PC14-OSC32_IN.Locked=true
PB4.Signal=GPXTI4
Dma.ADC1.2.Mode=DMA_CIRCULAR
PA3.Signal=USART2_RX
PA5.Mode=Full_Duplex_Master
PA2.GPIO_Mode=GPIO_MODE_AF_PP
PA2.Locked=true
Dma.I2C1_TX.1.PeriphDataAlignment=DMA_PDATAALIGN_BYTE
SH.GPXTI10.0=GPIO_EXTI10
PB5.GPIO_ModeDefaultOutputPP=GPIO_MODE_OUTPUT_OD
PC15-OSC32_OUT.Mode=LSE-External-Oscillator
NVIC.DMA1_Channel6_IRQn=true\:0\:0\:false\:false\:true\:false\:true
Dma.I2C1_RX.0.PeriphInc=DMA_PINC_DISABLE
NVIC.EXTI4_IRQn=true\:7\:0\:true\:false\:true\:true\:true
ProjectManager.ProjectFileName=SSD1306_DemoMenuOn_My_ownGFX.ioc
Dma.I2C1_RX.0.MemDataAlignment=DMA_MDATAALIGN_BYTE
PA7.Mode=Full_Duplex_Master
PD1-OSC_OUT.Mode=HSE-External-Clock-Source
Mcu.PinsNb=29
ProjectManager.NoMain=false
SPI1.IPParameters=VirtualType,Mode,Direction,BaudRatePrescaler,CalculateBaudRate
ADC1.IPParameters=ContinuousConvMode,master,EnableRegularConversion,Rank-5\#ChannelRegularConversion,Channel-5\#ChannelRegularConversion,SamplingTime-5\#ChannelRegularConversion,NbrOfConversionFlag,NbrOfConversion,ExternalTrigConv,EnableInjectedConversion,Rank-8\#ChannelRegularConversion,Channel-8\#ChannelRegularConversion,SamplingTime-8\#ChannelRegularConversion,Rank-9\#ChannelRegularConversion,Channel-9\#ChannelRegularConversion,SamplingTime-9\#ChannelRegularConversion
ADC1.Rank-8\#ChannelRegularConversion=2
Dma.ADC1.2.PeriphDataAlignment=DMA_PDATAALIGN_HALFWORD
PC10.Mode=Half_duplex(single_wire_mode)
PC13-TAMPER-RTC.Signal=GPXTI13
ProjectManager.DefaultFWLocation=true
PD0-OSC_IN.Signal=RCC_OSC_IN
ProjectManager.DeletePrevious=true
PC0.Signal=ADCx_IN10
RCC.APB1CLKDivider=RCC_HCLK_DIV2
PC14-OSC32_IN.Signal=RCC_OSC32_IN
PB10.Locked=true
boardIOC=true
RCC.FamilyName=M
RCC.ADCPresc=RCC_ADCPCLK2_DIV8
PA3.Mode=Asynchronous
PA13.Signal=SYS_JTMS-SWDIO
TIM1.Pulse-PWM\ Generation3\ CH3=11
Dma.ADC1.2.MemInc=DMA_MINC_ENABLE
PC15-OSC32_OUT.Locked=true
SH.S_TIM1_CH1.0=TIM1_CH1,Input_Capture1_from_TI1
SH.S_TIM1_CH1.1=TIM1_CH1,Input_Capture2_from_TI1
ProjectManager.TargetToolchain=STM32CubeIDE
PB10.GPIO_Label=BUT2
I2C1.I2C_Mode=I2C_Fast
PA3.GPIO_Mode=GPIO_MODE_AF_PP
PB9.Mode=I2C
VP_TIM1_VS_ClockSourceINT.Signal=TIM1_VS_ClockSourceINT
Dma.I2C1_RX.0.MemInc=DMA_MINC_ENABLE
Dma.I2C1_TX.1.Instance=DMA1_Channel6
PB9.Locked=true
PB5.Locked=true
Dma.ADC1.2.RequestParameters=Instance,Direction,PeriphInc,MemInc,PeriphDataAlignment,MemDataAlignment,Mode,Priority
ProjectManager.RegisterCallBack=
PC13-TAMPER-RTC.Locked=true
RCC.USBFreq_Value=64000000
VP_TIM3_VS_ClockSourceINT.Signal=TIM3_VS_ClockSourceINT
PC15-OSC32_OUT.Signal=RCC_OSC32_OUT
PB10.Signal=GPXTI10
PD0-OSC_IN.Mode=HSE-External-Clock-Source
PA5.Signal=SPI1_SCK
NVIC.TIM1_TRG_COM_IRQn=true\:5\:0\:true\:false\:true\:true\:true
board=NUCLEO-F103RB
Dma.I2C1_TX.1.Priority=DMA_PRIORITY_LOW
ProjectManager.LastFirmware=true
PC13-TAMPER-RTC.GPIO_Label=B1 [Blue PushButton]
RCC.VCOOutput2Freq_Value=4000000
RCC.APB2Freq_Value=64000000
SH.ADCx_IN11.0=ADC1_IN11,IN11
MxCube.Version=6.2.0
PB4.GPIO_Label=BUT1
VP_TIM2_VS_ClockSourceINT.Mode=Internal
SPI1.Mode=SPI_MODE_MASTER
Dma.I2C1_TX.1.MemInc=DMA_MINC_ENABLE
SH.ADCx_IN10.ConfNb=1
VP_SYS_VS_Systick.Mode=SysTick
TIM3.IPParameters=Prescaler,Period,TIM_MasterOutputTrigger
NVIC.NonMaskableInt_IRQn=true\:0\:0\:false\:false\:true\:true\:false
Dma.I2C1_TX.1.MemDataAlignment=DMA_MDATAALIGN_BYTE
TIM2.Period=100
SH.ADCx_IN8.ConfNb=1
ADC1.Rank-9\#ChannelRegularConversion=3
ADC1.NbrOfConversion=3
PA13.Mode=Serial_Wire
ProjectManager.FreePins=false
PB10.GPIO_ModeDefaultEXTI=GPIO_MODE_IT_FALLING
RCC.IPParameters=ADCFreqValue,ADCPresc,AHBFreq_Value,APB1CLKDivider,APB1Freq_Value,APB1TimFreq_Value,APB2Freq_Value,APB2TimFreq_Value,FCLKCortexFreq_Value,FamilyName,HCLKFreq_Value,MCOFreq_Value,PLLCLKFreq_Value,PLLMCOFreq_Value,PLLMUL,RTCClockSelection,RTCFreq_Value,SYSCLKFreq_VALUE,SYSCLKSource,TimSysFreq_Value,USBFreq_Value,VCOOutput2Freq_Value
ProjectManager.AskForMigrate=true
Mcu.Name=STM32F103R(8-B)Tx
Mcu.Pin26=VP_TIM1_VS_ClockSourceINT
Mcu.Pin27=VP_TIM2_VS_ClockSourceINT
PA2.Signal=USART2_TX
PA13.GPIO_Label=TMS
Mcu.Pin24=PB9
Dma.ADC1.2.Instance=DMA1_Channel1
ProjectManager.UnderRoot=true
Mcu.Pin25=VP_SYS_VS_Systick
Mcu.IP8=TIM2
ADC1.ExternalTrigConv=ADC_EXTERNALTRIGCONV_T3_TRGO
ADC1.Channel-9\#ChannelRegularConversion=ADC_CHANNEL_11
NVIC.TIM1_CC_IRQn=true\:5\:0\:true\:false\:true\:true\:true
Mcu.IP9=TIM3
Mcu.Pin28=VP_TIM3_VS_ClockSourceINT
Mcu.IP6=SYS
Mcu.IP7=TIM1
ProjectManager.CoupleFile=true
PB4.Locked=true
RCC.SYSCLKFreq_VALUE=64000000
Dma.ADC1.2.Priority=DMA_PRIORITY_LOW
Mcu.Pin22=PB6
PB5.Signal=GPIO_Output
USART3.Mode=MODE_RX
Mcu.Pin23=PB8
RCC.TimSysFreq_Value=64000000
Mcu.Pin20=PB4
ADC1.master=1
Mcu.Pin21=PB5
PA3.Locked=true
SH.GPXTI4.0=GPIO_EXTI4
Dma.ADC1.2.PeriphInc=DMA_PINC_DISABLE
NVIC.ForceEnableDMAVector=true
KeepUserPlacement=false
USART3.VirtualMode=VM_ASYNC
TIM1.Channel-Input_Capture1_from_TI1=TIM_CHANNEL_1
PA14.GPIOParameters=GPIO_Label
PB5.GPIO_PuPd=GPIO_PULLUP
NVIC.MemoryManagement_IRQn=true\:0\:0\:false\:false\:true\:true\:false
PA13.Locked=true
ProjectManager.CompilerOptimize=6
NVIC.EXTI9_5_IRQn=true\:14\:0\:true\:false\:true\:true\:true
PA14.Signal=SYS_JTCK-SWCLK
SH.ADCx_IN10.0=ADC1_IN10,IN10
NVIC.TIM1_BRK_IRQn=true\:5\:0\:true\:false\:true\:true\:true
ProjectManager.HeapSize=0x200
Mcu.Pin15=PA8
Dma.I2C1_RX.0.RequestParameters=Instance,Direction,PeriphInc,MemInc,PeriphDataAlignment,MemDataAlignment,Mode,Priority
NVIC.HardFault_IRQn=true\:0\:0\:false\:false\:true\:true\:false
Mcu.Pin16=PA10
Mcu.Pin13=PB10
SH.GPXTI4.ConfNb=1
Mcu.Pin14=PC7
SH.S_TIM1_CH3.0=TIM1_CH3,PWM Generation3 CH3
Mcu.Pin19=PC10
ADC1.SamplingTime-5\#ChannelRegularConversion=ADC_SAMPLETIME_13CYCLES_5
ProjectManager.ComputerToolchain=false
Mcu.Pin17=PA13
Mcu.Pin18=PA14
NVIC.PriorityGroup=NVIC_PRIORITYGROUP_4
ADC1.NbrOfConversionFlag=1
Mcu.Pin11=PA7
Mcu.Pin12=PB0
PB8.Mode=I2C
Mcu.Pin10=PA6
SH.GPXTI10.ConfNb=1
ADC1.EnableRegularConversion=ENABLE
PA2.Mode=Asynchronous
PB8.Signal=I2C1_SCL
NVIC.DMA1_Channel7_IRQn=true\:0\:0\:false\:false\:true\:false\:true
ADC1.SamplingTime-9\#ChannelRegularConversion=ADC_SAMPLETIME_13CYCLES_5
NVIC.DMA1_Channel1_IRQn=true\:0\:0\:false\:false\:true\:false\:true
TIM1.Channel-PWM\ Generation3\ CH3=TIM_CHANNEL_3
TIM3.TIM_MasterOutputTrigger=TIM_TRGO_UPDATE
RCC.APB1Freq_Value=32000000
PB0.Signal=ADCx_IN8
PD0-OSC_IN.Locked=true
Dma.I2C1_RX.0.Instance=DMA1_Channel7
PC0.Locked=true
ADC1.Rank-5\#ChannelRegularConversion=1
ProjectManager.DeviceId=STM32F103RBTx
PC1.Signal=ADCx_IN11
ProjectManager.LibraryCopy=1
PA3.GPIO_Label=USART_RX
PA7.Signal=SPI1_MOSI
isbadioc=false
